
Microsoft Visual Studio Solution File, Format Version 12.00
# Visual Studio Version 16
VisualStudioVersion = 16.0.29911.84
MinimumVisualStudioVersion = 10.0.40219.1
Project("{FAE04EC0-301F-11D3-BF4B-00C04F79EFBC}") = "Xadrez", "Xadrez\Xadrez.csproj", "{9C61EBA9-3E33-4950-A64E-0786AE44121C}"
EndProject
Global
	GlobalSection(SolutionConfigurationPlatforms) = preSolution
		Debug|Any CPU = Debug|Any CPU
		Release|Any CPU = Release|Any CPU
	EndGlobalSection
	GlobalSection(ProjectConfigurationPlatforms) = postSolution
		{9C61EBA9-3E33-4950-A64E-0786AE44121C}.Debug|Any CPU.ActiveCfg = Debug|Any CPU
		{9C61EBA9-3E33-4950-A64E-0786AE44121C}.Debug|Any CPU.Build.0 = Debug|Any CPU
		{9C61EBA9-3E33-4950-A64E-0786AE44121C}.Release|Any CPU.ActiveCfg = Release|Any CPU
		{9C61EBA9-3E33-4950-A64E-0786AE44121C}.Release|Any CPU.Build.0 = Release|Any CPU
	EndGlobalSection
	GlobalSection(SolutionProperties) = preSolution
		HideSolutionNode = FALSE
	EndGlobalSection
	GlobalSection(ExtensibilityGlobals) = postSolution
		SolutionGuid = {6EF3E2D9-BBC9-4ECB-ABB5-EE3DEBD7CA7F}
	EndGlobalSection
EndGlobal
